
Microsoft Visual Studio Solution File, Format Version 12.00
Project("{FAE04EC0-301F-11D3-BF4B-00C04F79EFBC}") = "Kpz_lab_combo", "Kpz_lab_combo\Kpz_lab_combo.csproj", "{7C277995-9724-41F9-98DB-A9D46D4900BC}"
EndProject
Global
	GlobalSection(SolutionConfigurationPlatforms) = preSolution
		Debug|Any CPU = Debug|Any CPU
		Release|Any CPU = Release|Any CPU
	EndGlobalSection
	GlobalSection(ProjectConfigurationPlatforms) = postSolution
		{7C277995-9724-41F9-98DB-A9D46D4900BC}.Debug|Any CPU.ActiveCfg = Debug|Any CPU
		{7C277995-9724-41F9-98DB-A9D46D4900BC}.Debug|Any CPU.Build.0 = Debug|Any CPU
		{7C277995-9724-41F9-98DB-A9D46D4900BC}.Release|Any CPU.ActiveCfg = Release|Any CPU
		{7C277995-9724-41F9-98DB-A9D46D4900BC}.Release|Any CPU.Build.0 = Release|Any CPU
	EndGlobalSection
EndGlobal
